// !$*UTF8*$!
{
	archiveVersion = 1;
	classes = {
	};
	objectVersion = 50;
	objects = {

/* Begin PBXBuildFile section */
		4E279ADA212070D5005FCB4A /* GDCheckBox.swift in Sources */ = {isa = PBXBuildFile; fileRef = 4E279AD9212070D5005FCB4A /* GDCheckBox.swift */; };
		4E2A1411211A13A200C333E8 /* Constant.swift in Sources */ = {isa = PBXBuildFile; fileRef = 4E2A1410211A13A200C333E8 /* Constant.swift */; };
		4E339523211CB9900031E863 /* GDTableView.swift in Sources */ = {isa = PBXBuildFile; fileRef = 4E339522211CB9900031E863 /* GDTableView.swift */; };
		4E339525211CD3230031E863 /* GDListCell.swift in Sources */ = {isa = PBXBuildFile; fileRef = 4E339524211CD3220031E863 /* GDListCell.swift */; };
		4E3F5A3C2118B3C60056CC06 /* GDLabel.swift in Sources */ = {isa = PBXBuildFile; fileRef = 4E3F5A3B2118B3C60056CC06 /* GDLabel.swift */; };
		4E3F5A3F2118C1BA0056CC06 /* Raleway-v4020-Regular.otf in Resources */ = {isa = PBXBuildFile; fileRef = 4E3F5A3E2118C1BA0056CC06 /* Raleway-v4020-Regular.otf */; };
		4E3F5A412118C2FD0056CC06 /* Raleway-v4020-SemiBold.otf in Resources */ = {isa = PBXBuildFile; fileRef = 4E3F5A402118C2FD0056CC06 /* Raleway-v4020-SemiBold.otf */; };
		4E56C11421232958005CE77A /* CoreDataManager.swift in Sources */ = {isa = PBXBuildFile; fileRef = 4E56C11321232958005CE77A /* CoreDataManager.swift */; };
		4E6AB2572119C7E300557EFC /* GDButton.swift in Sources */ = {isa = PBXBuildFile; fileRef = 4E6AB2562119C7E300557EFC /* GDButton.swift */; };
		4E9048A52118720B005F87DB /* AppDelegate.swift in Sources */ = {isa = PBXBuildFile; fileRef = 4E9048A42118720B005F87DB /* AppDelegate.swift */; };
		4E9048A72118720B005F87DB /* WelcomeVC.swift in Sources */ = {isa = PBXBuildFile; fileRef = 4E9048A62118720B005F87DB /* WelcomeVC.swift */; };
		4E9048AD2118720B005F87DB /* GetitDone.xcdatamodeld in Sources */ = {isa = PBXBuildFile; fileRef = 4E9048AB2118720B005F87DB /* GetitDone.xcdatamodeld */; };
		4E9048AF2118724C005F87DB /* Assets.xcassets in Resources */ = {isa = PBXBuildFile; fileRef = 4E9048AE2118724C005F87DB /* Assets.xcassets */; };
		4E9048B22118724C005F87DB /* LaunchScreen.storyboard in Resources */ = {isa = PBXBuildFile; fileRef = 4E9048B02118724C005F87DB /* LaunchScreen.storyboard */; };
		4E9048BA21187C78005F87DB /* GDGradient.swift in Sources */ = {isa = PBXBuildFile; fileRef = 4E9048B921187C78005F87DB /* GDGradient.swift */; };
		4E9048BE2118856A005F87DB /* Extension.swift in Sources */ = {isa = PBXBuildFile; fileRef = 4E9048BD2118856A005F87DB /* Extension.swift */; };
		4EAB4372211A24B2005CA500 /* ListVC.swift in Sources */ = {isa = PBXBuildFile; fileRef = 4EAB4371211A24B1005CA500 /* ListVC.swift */; };
		4EAB4374211A286B005CA500 /* GDHeaderView.swift in Sources */ = {isa = PBXBuildFile; fileRef = 4EAB4373211A286A005CA500 /* GDHeaderView.swift */; };
		4EAB4376211A4260005CA500 /* OptinalSet.swift in Sources */ = {isa = PBXBuildFile; fileRef = 4EAB4375211A4260005CA500 /* OptinalSet.swift */; };
		4EC6C128211AFDDA001B66C9 /* Protocols.swift in Sources */ = {isa = PBXBuildFile; fileRef = 4EC6C127211AFDDA001B66C9 /* Protocols.swift */; };
		4EC6C12A211B1A10001B66C9 /* GDNewItemPopup.swift in Sources */ = {isa = PBXBuildFile; fileRef = 4EC6C129211B1A10001B66C9 /* GDNewItemPopup.swift */; };
		4EC6C12C211B4717001B66C9 /* GDTextField.swift in Sources */ = {isa = PBXBuildFile; fileRef = 4EC6C12B211B4717001B66C9 /* GDTextField.swift */; };
/* End PBXBuildFile section */

/* Begin PBXFileReference section */
		4E279AD9212070D5005FCB4A /* GDCheckBox.swift */ = {isa = PBXFileReference; lastKnownFileType = sourcecode.swift; path = GDCheckBox.swift; sourceTree = "<group>"; };
		4E2A1410211A13A200C333E8 /* Constant.swift */ = {isa = PBXFileReference; lastKnownFileType = sourcecode.swift; path = Constant.swift; sourceTree = "<group>"; };
		4E339522211CB9900031E863 /* GDTableView.swift */ = {isa = PBXFileReference; lastKnownFileType = sourcecode.swift; path = GDTableView.swift; sourceTree = "<group>"; };
		4E339524211CD3220031E863 /* GDListCell.swift */ = {isa = PBXFileReference; lastKnownFileType = sourcecode.swift; path = GDListCell.swift; sourceTree = "<group>"; };
		4E3F5A3B2118B3C60056CC06 /* GDLabel.swift */ = {isa = PBXFileReference; lastKnownFileType = sourcecode.swift; path = GDLabel.swift; sourceTree = "<group>"; };
		4E3F5A3E2118C1BA0056CC06 /* Raleway-v4020-Regular.otf */ = {isa = PBXFileReference; lastKnownFileType = file; path = "Raleway-v4020-Regular.otf"; sourceTree = "<group>"; };
		4E3F5A402118C2FD0056CC06 /* Raleway-v4020-SemiBold.otf */ = {isa = PBXFileReference; lastKnownFileType = file; path = "Raleway-v4020-SemiBold.otf"; sourceTree = "<group>"; };
		4E56C11321232958005CE77A /* CoreDataManager.swift */ = {isa = PBXFileReference; lastKnownFileType = sourcecode.swift; path = CoreDataManager.swift; sourceTree = "<group>"; };
		4E6AB2562119C7E300557EFC /* GDButton.swift */ = {isa = PBXFileReference; lastKnownFileType = sourcecode.swift; path = GDButton.swift; sourceTree = "<group>"; };
		4E9048A12118720B005F87DB /* GetitDone.app */ = {isa = PBXFileReference; explicitFileType = wrapper.application; includeInIndex = 0; path = GetitDone.app; sourceTree = BUILT_PRODUCTS_DIR; };
		4E9048A42118720B005F87DB /* AppDelegate.swift */ = {isa = PBXFileReference; lastKnownFileType = sourcecode.swift; path = AppDelegate.swift; sourceTree = "<group>"; };
		4E9048A62118720B005F87DB /* WelcomeVC.swift */ = {isa = PBXFileReference; lastKnownFileType = sourcecode.swift; path = WelcomeVC.swift; sourceTree = "<group>"; };
		4E9048AC2118720B005F87DB /* GetitDone.xcdatamodel */ = {isa = PBXFileReference; lastKnownFileType = wrapper.xcdatamodel; path = GetitDone.xcdatamodel; sourceTree = "<group>"; };
		4E9048AE2118724C005F87DB /* Assets.xcassets */ = {isa = PBXFileReference; lastKnownFileType = folder.assetcatalog; path = Assets.xcassets; sourceTree = "<group>"; };
		4E9048B12118724C005F87DB /* Base */ = {isa = PBXFileReference; lastKnownFileType = file.storyboard; name = Base; path = Base.lproj/LaunchScreen.storyboard; sourceTree = "<group>"; };
		4E9048B32118724C005F87DB /* Info.plist */ = {isa = PBXFileReference; lastKnownFileType = text.plist.xml; path = Info.plist; sourceTree = "<group>"; };
		4E9048B921187C78005F87DB /* GDGradient.swift */ = {isa = PBXFileReference; lastKnownFileType = sourcecode.swift; path = GDGradient.swift; sourceTree = "<group>"; };
		4E9048BD2118856A005F87DB /* Extension.swift */ = {isa = PBXFileReference; lastKnownFileType = sourcecode.swift; path = Extension.swift; sourceTree = "<group>"; };
		4EAB4371211A24B1005CA500 /* ListVC.swift */ = {isa = PBXFileReference; lastKnownFileType = sourcecode.swift; path = ListVC.swift; sourceTree = "<group>"; };
		4EAB4373211A286A005CA500 /* GDHeaderView.swift */ = {isa = PBXFileReference; lastKnownFileType = sourcecode.swift; path = GDHeaderView.swift; sourceTree = "<group>"; };
		4EAB4375211A4260005CA500 /* OptinalSet.swift */ = {isa = PBXFileReference; lastKnownFileType = sourcecode.swift; path = OptinalSet.swift; sourceTree = "<group>"; };
		4EC6C127211AFDDA001B66C9 /* Protocols.swift */ = {isa = PBXFileReference; lastKnownFileType = sourcecode.swift; path = Protocols.swift; sourceTree = "<group>"; };
		4EC6C129211B1A10001B66C9 /* GDNewItemPopup.swift */ = {isa = PBXFileReference; lastKnownFileType = sourcecode.swift; path = GDNewItemPopup.swift; sourceTree = "<group>"; };
		4EC6C12B211B4717001B66C9 /* GDTextField.swift */ = {isa = PBXFileReference; lastKnownFileType = sourcecode.swift; path = GDTextField.swift; sourceTree = "<group>"; };
/* End PBXFileReference section */

/* Begin PBXFrameworksBuildPhase section */
		4E90489E2118720B005F87DB /* Frameworks */ = {
			isa = PBXFrameworksBuildPhase;
			buildActionMask = 2147483647;
			files = (
			);
			runOnlyForDeploymentPostprocessing = 0;
		};
/* End PBXFrameworksBuildPhase section */

/* Begin PBXGroup section */
		4E2CCECE211E215C00FF384D /* Model */ = {
			isa = PBXGroup;
			children = (
				4E56C11321232958005CE77A /* CoreDataManager.swift */,
			);
			path = Model;
			sourceTree = "<group>";
		};
		4E2CCED1211E22E900FF384D /* Supporting Files */ = {
			isa = PBXGroup;
			children = (
				4E2A1410211A13A200C333E8 /* Constant.swift */,
				4E9048A42118720B005F87DB /* AppDelegate.swift */,
				4E3F5A3D2118C17C0056CC06 /* Fonts */,
				4E9048AE2118724C005F87DB /* Assets.xcassets */,
				4E9048B02118724C005F87DB /* LaunchScreen.storyboard */,
			);
			path = "Supporting Files";
			sourceTree = "<group>";
		};
		4E3F5A3A2118AB7E0056CC06 /* Controller */ = {
			isa = PBXGroup;
			children = (
				4E9048A62118720B005F87DB /* WelcomeVC.swift */,
				4EAB4371211A24B1005CA500 /* ListVC.swift */,
			);
			path = Controller;
			sourceTree = "<group>";
		};
		4E3F5A3D2118C17C0056CC06 /* Fonts */ = {
			isa = PBXGroup;
			children = (
				4E3F5A402118C2FD0056CC06 /* Raleway-v4020-SemiBold.otf */,
				4E3F5A3E2118C1BA0056CC06 /* Raleway-v4020-Regular.otf */,
			);
			path = Fonts;
			sourceTree = "<group>";
		};
		4E9048982118720A005F87DB = {
			isa = PBXGroup;
			children = (
				4E9048A32118720B005F87DB /* GetitDone */,
				4E9048A22118720B005F87DB /* Products */,
			);
			sourceTree = "<group>";
		};
		4E9048A22118720B005F87DB /* Products */ = {
			isa = PBXGroup;
			children = (
				4E9048A12118720B005F87DB /* GetitDone.app */,
			);
			name = Products;
			sourceTree = "<group>";
		};
		4E9048A32118720B005F87DB /* GetitDone */ = {
			isa = PBXGroup;
			children = (
				4E2CCECE211E215C00FF384D /* Model */,
				4E9048BB21188504005F87DB /* View */,
				4E3F5A3A2118AB7E0056CC06 /* Controller */,
				4E9048BC21188511005F87DB /* Extension */,
				4E2CCED1211E22E900FF384D /* Supporting Files */,
				4E9048B32118724C005F87DB /* Info.plist */,
				4E9048AB2118720B005F87DB /* GetitDone.xcdatamodeld */,
			);
			path = GetitDone;
			sourceTree = "<group>";
		};
		4E9048BB21188504005F87DB /* View */ = {
			isa = PBXGroup;
			children = (
				4E9048B921187C78005F87DB /* GDGradient.swift */,
				4E3F5A3B2118B3C60056CC06 /* GDLabel.swift */,
				4E6AB2562119C7E300557EFC /* GDButton.swift */,
				4EAB4373211A286A005CA500 /* GDHeaderView.swift */,
				4EC6C129211B1A10001B66C9 /* GDNewItemPopup.swift */,
				4EC6C12B211B4717001B66C9 /* GDTextField.swift */,
				4E339522211CB9900031E863 /* GDTableView.swift */,
				4E339524211CD3220031E863 /* GDListCell.swift */,
				4E279AD9212070D5005FCB4A /* GDCheckBox.swift */,
			);
			path = View;
			sourceTree = "<group>";
		};
		4E9048BC21188511005F87DB /* Extension */ = {
			isa = PBXGroup;
			children = (
				4E9048BD2118856A005F87DB /* Extension.swift */,
				4EAB4375211A4260005CA500 /* OptinalSet.swift */,
				4EC6C127211AFDDA001B66C9 /* Protocols.swift */,
			);
			path = Extension;
			sourceTree = "<group>";
		};
/* End PBXGroup section */

/* Begin PBXNativeTarget section */
		4E9048A02118720B005F87DB /* GetitDone */ = {
			isa = PBXNativeTarget;
			buildConfigurationList = 4E9048B62118724D005F87DB /* Build configuration list for PBXNativeTarget "GetitDone" */;
			buildPhases = (
				4E90489D2118720B005F87DB /* Sources */,
				4E90489E2118720B005F87DB /* Frameworks */,
				4E90489F2118720B005F87DB /* Resources */,
			);
			buildRules = (
			);
			dependencies = (
			);
			name = GetitDone;
			productName = GetitDone;
			productReference = 4E9048A12118720B005F87DB /* GetitDone.app */;
			productType = "com.apple.product-type.application";
		};
/* End PBXNativeTarget section */

/* Begin PBXProject section */
		4E9048992118720A005F87DB /* Project object */ = {
			isa = PBXProject;
			attributes = {
				LastSwiftUpdateCheck = 0940;
				LastUpgradeCheck = 0940;
				ORGANIZATIONNAME = Alper;
				TargetAttributes = {
					4E9048A02118720B005F87DB = {
						CreatedOnToolsVersion = 9.4.1;
					};
				};
			};
			buildConfigurationList = 4E90489C2118720A005F87DB /* Build configuration list for PBXProject "GetitDone" */;
			compatibilityVersion = "Xcode 9.3";
			developmentRegion = en;
			hasScannedForEncodings = 0;
			knownRegions = (
				en,
				Base,
			);
			mainGroup = 4E9048982118720A005F87DB;
			productRefGroup = 4E9048A22118720B005F87DB /* Products */;
			projectDirPath = "";
			projectRoot = "";
			targets = (
				4E9048A02118720B005F87DB /* GetitDone */,
			);
		};
/* End PBXProject section */

/* Begin PBXResourcesBuildPhase section */
		4E90489F2118720B005F87DB /* Resources */ = {
			isa = PBXResourcesBuildPhase;
			buildActionMask = 2147483647;
			files = (
				4E3F5A3F2118C1BA0056CC06 /* Raleway-v4020-Regular.otf in Resources */,
				4E9048B22118724C005F87DB /* LaunchScreen.storyboard in Resources */,
				4E9048AF2118724C005F87DB /* Assets.xcassets in Resources */,
				4E3F5A412118C2FD0056CC06 /* Raleway-v4020-SemiBold.otf in Resources */,
			);
			runOnlyForDeploymentPostprocessing = 0;
		};
/* End PBXResourcesBuildPhase section */

/* Begin PBXSourcesBuildPhase section */
		4E90489D2118720B005F87DB /* Sources */ = {
			isa = PBXSourcesBuildPhase;
			buildActionMask = 2147483647;
			files = (
				4EAB4376211A4260005CA500 /* OptinalSet.swift in Sources */,
				4E279ADA212070D5005FCB4A /* GDCheckBox.swift in Sources */,
				4E9048BE2118856A005F87DB /* Extension.swift in Sources */,
				4E56C11421232958005CE77A /* CoreDataManager.swift in Sources */,
				4E339525211CD3230031E863 /* GDListCell.swift in Sources */,
				4E6AB2572119C7E300557EFC /* GDButton.swift in Sources */,
				4E9048BA21187C78005F87DB /* GDGradient.swift in Sources */,
				4EC6C12C211B4717001B66C9 /* GDTextField.swift in Sources */,
				4EAB4372211A24B2005CA500 /* ListVC.swift in Sources */,
				4EAB4374211A286B005CA500 /* GDHeaderView.swift in Sources */,
				4E2A1411211A13A200C333E8 /* Constant.swift in Sources */,
				4E9048A72118720B005F87DB /* WelcomeVC.swift in Sources */,
				4E3F5A3C2118B3C60056CC06 /* GDLabel.swift in Sources */,
				4E9048A52118720B005F87DB /* AppDelegate.swift in Sources */,
				4E9048AD2118720B005F87DB /* GetitDone.xcdatamodeld in Sources */,
				4EC6C12A211B1A10001B66C9 /* GDNewItemPopup.swift in Sources */,
				4EC6C128211AFDDA001B66C9 /* Protocols.swift in Sources */,
				4E339523211CB9900031E863 /* GDTableView.swift in Sources */,
			);
			runOnlyForDeploymentPostprocessing = 0;
		};
/* End PBXSourcesBuildPhase section */

/* Begin PBXVariantGroup section */
		4E9048B02118724C005F87DB /* LaunchScreen.storyboard */ = {
			isa = PBXVariantGroup;
			children = (
				4E9048B12118724C005F87DB /* Base */,
			);
			name = LaunchScreen.storyboard;
			sourceTree = "<group>";
		};
/* End PBXVariantGroup section */

/* Begin XCBuildConfiguration section */
		4E9048B42118724D005F87DB /* Debug */ = {
			isa = XCBuildConfiguration;
			buildSettings = {
				ALWAYS_SEARCH_USER_PATHS = NO;
				CLANG_ANALYZER_NONNULL = YES;
				CLANG_ANALYZER_NUMBER_OBJECT_CONVERSION = YES_AGGRESSIVE;
				CLANG_CXX_LANGUAGE_STANDARD = "gnu++14";
				CLANG_CXX_LIBRARY = "libc++";
				CLANG_ENABLE_MODULES = YES;
				CLANG_ENABLE_OBJC_ARC = YES;
				CLANG_ENABLE_OBJC_WEAK = YES;
				CLANG_WARN_BLOCK_CAPTURE_AUTORELEASING = YES;
				CLANG_WARN_BOOL_CONVERSION = YES;
				CLANG_WARN_COMMA = YES;
				CLANG_WARN_CONSTANT_CONVERSION = YES;
				CLANG_WARN_DEPRECATED_OBJC_IMPLEMENTATIONS = YES;
				CLANG_WARN_DIRECT_OBJC_ISA_USAGE = YES_ERROR;
				CLANG_WARN_DOCUMENTATION_COMMENTS = YES;
				CLANG_WARN_EMPTY_BODY = YES;
				CLANG_WARN_ENUM_CONVERSION = YES;
				CLANG_WARN_INFINITE_RECURSION = YES;
				CLANG_WARN_INT_CONVERSION = YES;
				CLANG_WARN_NON_LITERAL_NULL_CONVERSION = YES;
				CLANG_WARN_OBJC_IMPLICIT_RETAIN_SELF = YES;
				CLANG_WARN_OBJC_LITERAL_CONVERSION = YES;
				CLANG_WARN_OBJC_ROOT_CLASS = YES_ERROR;
				CLANG_WARN_RANGE_LOOP_ANALYSIS = YES;
				CLANG_WARN_STRICT_PROTOTYPES = YES;
				CLANG_WARN_SUSPICIOUS_MOVE = YES;
				CLANG_WARN_UNGUARDED_AVAILABILITY = YES_AGGRESSIVE;
				CLANG_WARN_UNREACHABLE_CODE = YES;
				CLANG_WARN__DUPLICATE_METHOD_MATCH = YES;
				CODE_SIGN_IDENTITY = "iPhone Developer";
				COPY_PHASE_STRIP = NO;
				DEBUG_INFORMATION_FORMAT = dwarf;
				ENABLE_STRICT_OBJC_MSGSEND = YES;
				ENABLE_TESTABILITY = YES;
				GCC_C_LANGUAGE_STANDARD = gnu11;
				GCC_DYNAMIC_NO_PIC = NO;
				GCC_NO_COMMON_BLOCKS = YES;
				GCC_OPTIMIZATION_LEVEL = 0;
				GCC_PREPROCESSOR_DEFINITIONS = (
					"DEBUG=1",
					"$(inherited)",
				);
				GCC_WARN_64_TO_32_BIT_CONVERSION = YES;
				GCC_WARN_ABOUT_RETURN_TYPE = YES_ERROR;
				GCC_WARN_UNDECLARED_SELECTOR = YES;
				GCC_WARN_UNINITIALIZED_AUTOS = YES_AGGRESSIVE;
				GCC_WARN_UNUSED_FUNCTION = YES;
				GCC_WARN_UNUSED_VARIABLE = YES;
				IPHONEOS_DEPLOYMENT_TARGET = 11.4;
				MTL_ENABLE_DEBUG_INFO = YES;
				ONLY_ACTIVE_ARCH = YES;
				SDKROOT = iphoneos;
				SWIFT_ACTIVE_COMPILATION_CONDITIONS = DEBUG;
				SWIFT_OPTIMIZATION_LEVEL = "-Onone";
			};
			name = Debug;
		};
		4E9048B52118724D005F87DB /* Release */ = {
			isa = XCBuildConfiguration;
			buildSettings = {
				ALWAYS_SEARCH_USER_PATHS = NO;
				CLANG_ANALYZER_NONNULL = YES;
				CLANG_ANALYZER_NUMBER_OBJECT_CONVERSION = YES_AGGRESSIVE;
				CLANG_CXX_LANGUAGE_STANDARD = "gnu++14";
				CLANG_CXX_LIBRARY = "libc++";
				CLANG_ENABLE_MODULES = YES;
				CLANG_ENABLE_OBJC_ARC = YES;
				CLANG_ENABLE_OBJC_WEAK = YES;
				CLANG_WARN_BLOCK_CAPTURE_AUTORELEASING = YES;
				CLANG_WARN_BOOL_CONVERSION = YES;
				CLANG_WARN_COMMA = YES;
				CLANG_WARN_CONSTANT_CONVERSION = YES;
				CLANG_WARN_DEPRECATED_OBJC_IMPLEMENTATIONS = YES;
				CLANG_WARN_DIRECT_OBJC_ISA_USAGE = YES_ERROR;
				CLANG_WARN_DOCUMENTATION_COMMENTS = YES;
				CLANG_WARN_EMPTY_BODY = YES;
				CLANG_WARN_ENUM_CONVERSION = YES;
				CLANG_WARN_INFINITE_RECURSION = YES;
				CLANG_WARN_INT_CONVERSION = YES;
				CLANG_WARN_NON_LITERAL_NULL_CONVERSION = YES;
				CLANG_WARN_OBJC_IMPLICIT_RETAIN_SELF = YES;
				CLANG_WARN_OBJC_LITERAL_CONVERSION = YES;
				CLANG_WARN_OBJC_ROOT_CLASS = YES_ERROR;
				CLANG_WARN_RANGE_LOOP_ANALYSIS = YES;
				CLANG_WARN_STRICT_PROTOTYPES = YES;
				CLANG_WARN_SUSPICIOUS_MOVE = YES;
				CLANG_WARN_UNGUARDED_AVAILABILITY = YES_AGGRESSIVE;
				CLANG_WARN_UNREACHABLE_CODE = YES;
				CLANG_WARN__DUPLICATE_METHOD_MATCH = YES;
				CODE_SIGN_IDENTITY = "iPhone Developer";
				COPY_PHASE_STRIP = NO;
				DEBUG_INFORMATION_FORMAT = "dwarf-with-dsym";
				ENABLE_NS_ASSERTIONS = NO;
				ENABLE_STRICT_OBJC_MSGSEND = YES;
				GCC_C_LANGUAGE_STANDARD = gnu11;
				GCC_NO_COMMON_BLOCKS = YES;
				GCC_WARN_64_TO_32_BIT_CONVERSION = YES;
				GCC_WARN_ABOUT_RETURN_TYPE = YES_ERROR;
				GCC_WARN_UNDECLARED_SELECTOR = YES;
				GCC_WARN_UNINITIALIZED_AUTOS = YES_AGGRESSIVE;
				GCC_WARN_UNUSED_FUNCTION = YES;
				GCC_WARN_UNUSED_VARIABLE = YES;
				IPHONEOS_DEPLOYMENT_TARGET = 11.4;
				MTL_ENABLE_DEBUG_INFO = NO;
				SDKROOT = iphoneos;
				SWIFT_COMPILATION_MODE = wholemodule;
				SWIFT_OPTIMIZATION_LEVEL = "-O";
				VALIDATE_PRODUCT = YES;
			};
			name = Release;
		};
		4E9048B72118724D005F87DB /* Debug */ = {
			isa = XCBuildConfiguration;
			buildSettings = {
				ASSETCATALOG_COMPILER_APPICON_NAME = AppIcon;
				CODE_SIGN_STYLE = Automatic;
				DEVELOPMENT_TEAM = BXLJ3EBPHP;
				INFOPLIST_FILE = GetitDone/Info.plist;
				LD_RUNPATH_SEARCH_PATHS = (
					"$(inherited)",
					"@executable_path/Frameworks",
				);
				PRODUCT_BUNDLE_IDENTIFIER = com.alperalanyali.GetitDone;
				PRODUCT_NAME = "$(TARGET_NAME)";
				SWIFT_VERSION = 4.0;
				TARGETED_DEVICE_FAMILY = "1,2";
			};
			name = Debug;
		};
		4E9048B82118724D005F87DB /* Release */ = {
			isa = XCBuildConfiguration;
			buildSettings = {
				ASSETCATALOG_COMPILER_APPICON_NAME = AppIcon;
				CODE_SIGN_STYLE = Automatic;
				DEVELOPMENT_TEAM = BXLJ3EBPHP;
				INFOPLIST_FILE = GetitDone/Info.plist;
				LD_RUNPATH_SEARCH_PATHS = (
					"$(inherited)",
					"@executable_path/Frameworks",
				);
				PRODUCT_BUNDLE_IDENTIFIER = com.alperalanyali.GetitDone;
				PRODUCT_NAME = "$(TARGET_NAME)";
				SWIFT_VERSION = 4.0;
				TARGETED_DEVICE_FAMILY = "1,2";
			};
			name = Release;
		};
/* End XCBuildConfiguration section */

/* Begin XCConfigurationList section */
		4E90489C2118720A005F87DB /* Build configuration list for PBXProject "GetitDone" */ = {
			isa = XCConfigurationList;
			buildConfigurations = (
				4E9048B42118724D005F87DB /* Debug */,
				4E9048B52118724D005F87DB /* Release */,
			);
			defaultConfigurationIsVisible = 0;
			defaultConfigurationName = Release;
		};
		4E9048B62118724D005F87DB /* Build configuration list for PBXNativeTarget "GetitDone" */ = {
			isa = XCConfigurationList;
			buildConfigurations = (
				4E9048B72118724D005F87DB /* Debug */,
				4E9048B82118724D005F87DB /* Release */,
			);
			defaultConfigurationIsVisible = 0;
			defaultConfigurationName = Release;
		};
/* End XCConfigurationList section */

/* Begin XCVersionGroup section */
		4E9048AB2118720B005F87DB /* GetitDone.xcdatamodeld */ = {
			isa = XCVersionGroup;
			children = (
				4E9048AC2118720B005F87DB /* GetitDone.xcdatamodel */,
			);
			currentVersion = 4E9048AC2118720B005F87DB /* GetitDone.xcdatamodel */;
			path = GetitDone.xcdatamodeld;
			sourceTree = "<group>";
			versionGroupType = wrapper.xcdatamodel;
		};
/* End XCVersionGroup section */
	};
	rootObject = 4E9048992118720A005F87DB /* Project object */;
}
